// !$*UTF8*$!
{
	archiveVersion = 1;
	classes = {
	};
	objectVersion = 56;
	objects = {

/* Begin PBXBuildFile section */
		7B09FD402CAB1CD0001D7851 /* WeatherModel.swift in Sources */ = {isa = PBXBuildFile; fileRef = 7B09FD3F2CAB1CD0001D7851 /* WeatherModel.swift */; };
		7B09FD422CAB2110001D7851 /* WeatherView.swift in Sources */ = {isa = PBXBuildFile; fileRef = 7B09FD412CAB2110001D7851 /* WeatherView.swift */; };
		7B09FD442CAB2436001D7851 /* WeatherViewModel.swift in Sources */ = {isa = PBXBuildFile; fileRef = 7B09FD432CAB2436001D7851 /* WeatherViewModel.swift */; };
		7B09FD472CAB3557001D7851 /* Extensions.swift in Sources */ = {isa = PBXBuildFile; fileRef = 7B09FD462CAB3557001D7851 /* Extensions.swift */; };
		7B09FD492CAB565A001D7851 /* APIKeys.plist in Resources */ = {isa = PBXBuildFile; fileRef = 7B09FD482CAB565A001D7851 /* APIKeys.plist */; };
		7B09FD4B2CAB5679001D7851 /* KeyManager.swift in Sources */ = {isa = PBXBuildFile; fileRef = 7B09FD4A2CAB5679001D7851 /* KeyManager.swift */; };
		7B104BD92CAB769C00D21385 /* SearchBarView.swift in Sources */ = {isa = PBXBuildFile; fileRef = 7B104BD82CAB769C00D21385 /* SearchBarView.swift */; };
		7B104BDB2CAB77A700D21385 /* WeatherCardView.swift in Sources */ = {isa = PBXBuildFile; fileRef = 7B104BDA2CAB77A700D21385 /* WeatherCardView.swift */; };
		7B104BDE2CAB7C9200D21385 /* LocationPermission.swift in Sources */ = {isa = PBXBuildFile; fileRef = 7B104BDD2CAB7C9200D21385 /* LocationPermission.swift */; };
		7B76CEC52CAB139E00A1EDDA /* MAS_Coding_ChallengeApp.swift in Sources */ = {isa = PBXBuildFile; fileRef = 7B76CEC42CAB139E00A1EDDA /* MAS_Coding_ChallengeApp.swift */; };
		7B76CEC92CAB13A000A1EDDA /* Assets.xcassets in Resources */ = {isa = PBXBuildFile; fileRef = 7B76CEC82CAB13A000A1EDDA /* Assets.xcassets */; };
		7B76CECC2CAB13A000A1EDDA /* Preview Assets.xcassets in Resources */ = {isa = PBXBuildFile; fileRef = 7B76CECB2CAB13A000A1EDDA /* Preview Assets.xcassets */; };
		7B76CEF52CAB197400A1EDDA /* LocationManager.swift in Sources */ = {isa = PBXBuildFile; fileRef = 7B76CEF42CAB197400A1EDDA /* LocationManager.swift */; };
		7B76CEF72CAB1AAA00A1EDDA /* WeatherCoordinator.swift in Sources */ = {isa = PBXBuildFile; fileRef = 7B76CEF62CAB1AAA00A1EDDA /* WeatherCoordinator.swift */; };
		7B76CEF92CAB1B1000A1EDDA /* WeatherService.swift in Sources */ = {isa = PBXBuildFile; fileRef = 7B76CEF82CAB1B1000A1EDDA /* WeatherService.swift */; };
		7B8CED412CAB5B210079C1CC /* Constants.swift in Sources */ = {isa = PBXBuildFile; fileRef = 7B8CED402CAB5B210079C1CC /* Constants.swift */; };
		7B8CED472CAB67140079C1CC /* SearchOverlay.swift in Sources */ = {isa = PBXBuildFile; fileRef = 7B8CED462CAB67140079C1CC /* SearchOverlay.swift */; };
		7BBAC1822CAC74F500EB49DB /* UIKitAlertView.swift in Sources */ = {isa = PBXBuildFile; fileRef = 7BBAC1812CAC74F500EB49DB /* UIKitAlertView.swift */; };
		7BBAC1842CAC98A700EB49DB /* WeatherViewModelTests.swift in Sources */ = {isa = PBXBuildFile; fileRef = 7BBAC1832CAC98A700EB49DB /* WeatherViewModelTests.swift */; };
		7BBAC1862CAC9A4100EB49DB /* WeatherServiceTests.swift in Sources */ = {isa = PBXBuildFile; fileRef = 7BBAC1852CAC9A4100EB49DB /* WeatherServiceTests.swift */; };
		7BBAC1882CACA5F000EB49DB /* WeatherCardSkeleton.swift in Sources */ = {isa = PBXBuildFile; fileRef = 7BBAC1872CACA5F000EB49DB /* WeatherCardSkeleton.swift */; };
/* End PBXBuildFile section */

/* Begin PBXContainerItemProxy section */
		7B76CED22CAB13A000A1EDDA /* PBXContainerItemProxy */ = {
			isa = PBXContainerItemProxy;
			containerPortal = 7B76CEB92CAB139E00A1EDDA /* Project object */;
			proxyType = 1;
			remoteGlobalIDString = 7B76CEC02CAB139E00A1EDDA;
			remoteInfo = "MAS Coding Challenge";
		};
/* End PBXContainerItemProxy section */

/* Begin PBXFileReference section */
		7B09FD3F2CAB1CD0001D7851 /* WeatherModel.swift */ = {isa = PBXFileReference; lastKnownFileType = sourcecode.swift; path = WeatherModel.swift; sourceTree = "<group>"; };
		7B09FD412CAB2110001D7851 /* WeatherView.swift */ = {isa = PBXFileReference; lastKnownFileType = sourcecode.swift; path = WeatherView.swift; sourceTree = "<group>"; };
		7B09FD432CAB2436001D7851 /* WeatherViewModel.swift */ = {isa = PBXFileReference; lastKnownFileType = sourcecode.swift; path = WeatherViewModel.swift; sourceTree = "<group>"; };
		7B09FD462CAB3557001D7851 /* Extensions.swift */ = {isa = PBXFileReference; lastKnownFileType = sourcecode.swift; path = Extensions.swift; sourceTree = "<group>"; };
		7B09FD482CAB565A001D7851 /* APIKeys.plist */ = {isa = PBXFileReference; lastKnownFileType = text.plist.xml; path = APIKeys.plist; sourceTree = "<group>"; };
		7B09FD4A2CAB5679001D7851 /* KeyManager.swift */ = {isa = PBXFileReference; lastKnownFileType = sourcecode.swift; path = KeyManager.swift; sourceTree = "<group>"; };
		7B104BD82CAB769C00D21385 /* SearchBarView.swift */ = {isa = PBXFileReference; lastKnownFileType = sourcecode.swift; path = SearchBarView.swift; sourceTree = "<group>"; };
		7B104BDA2CAB77A700D21385 /* WeatherCardView.swift */ = {isa = PBXFileReference; lastKnownFileType = sourcecode.swift; path = WeatherCardView.swift; sourceTree = "<group>"; };
		7B104BDD2CAB7C9200D21385 /* LocationPermission.swift */ = {isa = PBXFileReference; lastKnownFileType = sourcecode.swift; path = LocationPermission.swift; sourceTree = "<group>"; };
		7B76CEC12CAB139E00A1EDDA /* MAS Coding Challenge.app */ = {isa = PBXFileReference; explicitFileType = wrapper.application; includeInIndex = 0; path = "MAS Coding Challenge.app"; sourceTree = BUILT_PRODUCTS_DIR; };
		7B76CEC42CAB139E00A1EDDA /* MAS_Coding_ChallengeApp.swift */ = {isa = PBXFileReference; lastKnownFileType = sourcecode.swift; path = MAS_Coding_ChallengeApp.swift; sourceTree = "<group>"; };
		7B76CEC82CAB13A000A1EDDA /* Assets.xcassets */ = {isa = PBXFileReference; lastKnownFileType = folder.assetcatalog; path = Assets.xcassets; sourceTree = "<group>"; };
		7B76CECB2CAB13A000A1EDDA /* Preview Assets.xcassets */ = {isa = PBXFileReference; lastKnownFileType = folder.assetcatalog; path = "Preview Assets.xcassets"; sourceTree = "<group>"; };
		7B76CED12CAB13A000A1EDDA /* MAS Coding ChallengeTests.xctest */ = {isa = PBXFileReference; explicitFileType = wrapper.cfbundle; includeInIndex = 0; path = "MAS Coding ChallengeTests.xctest"; sourceTree = BUILT_PRODUCTS_DIR; };
		7B76CEF42CAB197400A1EDDA /* LocationManager.swift */ = {isa = PBXFileReference; lastKnownFileType = sourcecode.swift; path = LocationManager.swift; sourceTree = "<group>"; };
		7B76CEF62CAB1AAA00A1EDDA /* WeatherCoordinator.swift */ = {isa = PBXFileReference; lastKnownFileType = sourcecode.swift; path = WeatherCoordinator.swift; sourceTree = "<group>"; };
		7B76CEF82CAB1B1000A1EDDA /* WeatherService.swift */ = {isa = PBXFileReference; lastKnownFileType = sourcecode.swift; path = WeatherService.swift; sourceTree = "<group>"; };
		7B8CED402CAB5B210079C1CC /* Constants.swift */ = {isa = PBXFileReference; lastKnownFileType = sourcecode.swift; path = Constants.swift; sourceTree = "<group>"; };
		7B8CED462CAB67140079C1CC /* SearchOverlay.swift */ = {isa = PBXFileReference; lastKnownFileType = sourcecode.swift; path = SearchOverlay.swift; sourceTree = "<group>"; };
		7BBAC1812CAC74F500EB49DB /* UIKitAlertView.swift */ = {isa = PBXFileReference; lastKnownFileType = sourcecode.swift; path = UIKitAlertView.swift; sourceTree = "<group>"; };
		7BBAC1832CAC98A700EB49DB /* WeatherViewModelTests.swift */ = {isa = PBXFileReference; lastKnownFileType = sourcecode.swift; path = WeatherViewModelTests.swift; sourceTree = "<group>"; };
		7BBAC1852CAC9A4100EB49DB /* WeatherServiceTests.swift */ = {isa = PBXFileReference; lastKnownFileType = sourcecode.swift; path = WeatherServiceTests.swift; sourceTree = "<group>"; };
		7BBAC1872CACA5F000EB49DB /* WeatherCardSkeleton.swift */ = {isa = PBXFileReference; lastKnownFileType = sourcecode.swift; path = WeatherCardSkeleton.swift; sourceTree = "<group>"; };
/* End PBXFileReference section */

/* Begin PBXFrameworksBuildPhase section */
		7B76CEBE2CAB139E00A1EDDA /* Frameworks */ = {
			isa = PBXFrameworksBuildPhase;
			buildActionMask = 2147483647;
			files = (
			);
			runOnlyForDeploymentPostprocessing = 0;
		};
		7B76CECE2CAB13A000A1EDDA /* Frameworks */ = {
			isa = PBXFrameworksBuildPhase;
			buildActionMask = 2147483647;
			files = (
			);
			runOnlyForDeploymentPostprocessing = 0;
		};
/* End PBXFrameworksBuildPhase section */

/* Begin PBXGroup section */
		7B09FD452CAB3543001D7851 /* Helpers */ = {
			isa = PBXGroup;
			children = (
				7B09FD462CAB3557001D7851 /* Extensions.swift */,
				7B09FD4A2CAB5679001D7851 /* KeyManager.swift */,
			);
			path = Helpers;
			sourceTree = "<group>";
		};
		7B104BDC2CAB7C6C00D21385 /* UtilityViews */ = {
			isa = PBXGroup;
			children = (
				7B104BDD2CAB7C9200D21385 /* LocationPermission.swift */,
				7BBAC1872CACA5F000EB49DB /* WeatherCardSkeleton.swift */,
			);
			path = UtilityViews;
			sourceTree = "<group>";
		};
		7B76CEB82CAB139E00A1EDDA = {
			isa = PBXGroup;
			children = (
				7B76CEC32CAB139E00A1EDDA /* MAS Coding Challenge */,
				7B76CED42CAB13A000A1EDDA /* MAS Coding ChallengeTests */,
				7B76CEC22CAB139E00A1EDDA /* Products */,
			);
			sourceTree = "<group>";
		};
		7B76CEC22CAB139E00A1EDDA /* Products */ = {
			isa = PBXGroup;
			children = (
				7B76CEC12CAB139E00A1EDDA /* MAS Coding Challenge.app */,
				7B76CED12CAB13A000A1EDDA /* MAS Coding ChallengeTests.xctest */,
			);
			name = Products;
			sourceTree = "<group>";
		};
		7B76CEC32CAB139E00A1EDDA /* MAS Coding Challenge */ = {
			isa = PBXGroup;
			children = (
				7B09FD482CAB565A001D7851 /* APIKeys.plist */,
				7B76CEC42CAB139E00A1EDDA /* MAS_Coding_ChallengeApp.swift */,
				7B8CED3F2CAB5B130079C1CC /* DesignSystem */,
				7B09FD452CAB3543001D7851 /* Helpers */,
				7B76CEEE2CAB188700A1EDDA /* Coordinators */,
				7B76CEF32CAB18BF00A1EDDA /* Services_Network */,
				7B76CEEF2CAB189100A1EDDA /* Models */,
				7B76CEF12CAB18B000A1EDDA /* ViewModels */,
				7B76CEF22CAB18B700A1EDDA /* Views */,
				7B76CEC82CAB13A000A1EDDA /* Assets.xcassets */,
				7B76CECA2CAB13A000A1EDDA /* Preview Content */,
			);
			path = "MAS Coding Challenge";
			sourceTree = "<group>";
		};
		7B76CECA2CAB13A000A1EDDA /* Preview Content */ = {
			isa = PBXGroup;
			children = (
				7B76CECB2CAB13A000A1EDDA /* Preview Assets.xcassets */,
			);
			path = "Preview Content";
			sourceTree = "<group>";
		};
		7B76CED42CAB13A000A1EDDA /* MAS Coding ChallengeTests */ = {
			isa = PBXGroup;
			children = (
				7BBAC1832CAC98A700EB49DB /* WeatherViewModelTests.swift */,
				7BBAC1852CAC9A4100EB49DB /* WeatherServiceTests.swift */,
			);
			path = "MAS Coding ChallengeTests";
			sourceTree = "<group>";
		};
		7B76CEEE2CAB188700A1EDDA /* Coordinators */ = {
			isa = PBXGroup;
			children = (
				7B76CEF62CAB1AAA00A1EDDA /* WeatherCoordinator.swift */,
			);
			path = Coordinators;
			sourceTree = "<group>";
		};
		7B76CEEF2CAB189100A1EDDA /* Models */ = {
			isa = PBXGroup;
			children = (
				7B09FD3F2CAB1CD0001D7851 /* WeatherModel.swift */,
			);
			path = Models;
			sourceTree = "<group>";
		};
		7B76CEF12CAB18B000A1EDDA /* ViewModels */ = {
			isa = PBXGroup;
			children = (
				7B09FD432CAB2436001D7851 /* WeatherViewModel.swift */,
			);
			path = ViewModels;
			sourceTree = "<group>";
		};
		7B76CEF22CAB18B700A1EDDA /* Views */ = {
			isa = PBXGroup;
			children = (
				7B09FD412CAB2110001D7851 /* WeatherView.swift */,
				7B104BDA2CAB77A700D21385 /* WeatherCardView.swift */,
				7B104BDC2CAB7C6C00D21385 /* UtilityViews */,
				7B8CED422CAB60630079C1CC /* Overlays */,
			);
			path = Views;
			sourceTree = "<group>";
		};
		7B76CEF32CAB18BF00A1EDDA /* Services_Network */ = {
			isa = PBXGroup;
			children = (
				7B76CEF42CAB197400A1EDDA /* LocationManager.swift */,
				7B76CEF82CAB1B1000A1EDDA /* WeatherService.swift */,
			);
			path = Services_Network;
			sourceTree = "<group>";
		};
		7B8CED3F2CAB5B130079C1CC /* DesignSystem */ = {
			isa = PBXGroup;
			children = (
				7B8CED402CAB5B210079C1CC /* Constants.swift */,
			);
			path = DesignSystem;
			sourceTree = "<group>";
		};
		7B8CED422CAB60630079C1CC /* Overlays */ = {
			isa = PBXGroup;
			children = (
				7B104BD82CAB769C00D21385 /* SearchBarView.swift */,
				7B8CED462CAB67140079C1CC /* SearchOverlay.swift */,
				7BBAC1812CAC74F500EB49DB /* UIKitAlertView.swift */,
			);
			path = Overlays;
			sourceTree = "<group>";
		};
/* End PBXGroup section */

/* Begin PBXNativeTarget section */
		7B76CEC02CAB139E00A1EDDA /* MAS Coding Challenge */ = {
			isa = PBXNativeTarget;
			buildConfigurationList = 7B76CEE52CAB13A000A1EDDA /* Build configuration list for PBXNativeTarget "MAS Coding Challenge" */;
			buildPhases = (
				7B76CEBD2CAB139E00A1EDDA /* Sources */,
				7B76CEBE2CAB139E00A1EDDA /* Frameworks */,
				7B76CEBF2CAB139E00A1EDDA /* Resources */,
			);
			buildRules = (
			);
			dependencies = (
			);
			name = "MAS Coding Challenge";
			productName = "MAS Coding Challenge";
			productReference = 7B76CEC12CAB139E00A1EDDA /* MAS Coding Challenge.app */;
			productType = "com.apple.product-type.application";
		};
		7B76CED02CAB13A000A1EDDA /* MAS Coding ChallengeTests */ = {
			isa = PBXNativeTarget;
			buildConfigurationList = 7B76CEE82CAB13A000A1EDDA /* Build configuration list for PBXNativeTarget "MAS Coding ChallengeTests" */;
			buildPhases = (
				7B76CECD2CAB13A000A1EDDA /* Sources */,
				7B76CECE2CAB13A000A1EDDA /* Frameworks */,
				7B76CECF2CAB13A000A1EDDA /* Resources */,
			);
			buildRules = (
			);
			dependencies = (
				7B76CED32CAB13A000A1EDDA /* PBXTargetDependency */,
			);
			name = "MAS Coding ChallengeTests";
			productName = "MAS Coding ChallengeTests";
			productReference = 7B76CED12CAB13A000A1EDDA /* MAS Coding ChallengeTests.xctest */;
			productType = "com.apple.product-type.bundle.unit-test";
		};
/* End PBXNativeTarget section */

/* Begin PBXProject section */
		7B76CEB92CAB139E00A1EDDA /* Project object */ = {
			isa = PBXProject;
			attributes = {
				BuildIndependentTargetsInParallel = 1;
				LastSwiftUpdateCheck = 1540;
				LastUpgradeCheck = 1540;
				TargetAttributes = {
					7B76CEC02CAB139E00A1EDDA = {
						CreatedOnToolsVersion = 15.4;
					};
					7B76CED02CAB13A000A1EDDA = {
						CreatedOnToolsVersion = 15.4;
						TestTargetID = 7B76CEC02CAB139E00A1EDDA;
					};
				};
			};
			buildConfigurationList = 7B76CEBC2CAB139E00A1EDDA /* Build configuration list for PBXProject "MAS Coding Challenge" */;
			compatibilityVersion = "Xcode 14.0";
			developmentRegion = en;
			hasScannedForEncodings = 0;
			knownRegions = (
				en,
				Base,
			);
			mainGroup = 7B76CEB82CAB139E00A1EDDA;
			productRefGroup = 7B76CEC22CAB139E00A1EDDA /* Products */;
			projectDirPath = "";
			projectRoot = "";
			targets = (
				7B76CEC02CAB139E00A1EDDA /* MAS Coding Challenge */,
				7B76CED02CAB13A000A1EDDA /* MAS Coding ChallengeTests */,
			);
		};
/* End PBXProject section */

/* Begin PBXResourcesBuildPhase section */
		7B76CEBF2CAB139E00A1EDDA /* Resources */ = {
			isa = PBXResourcesBuildPhase;
			buildActionMask = 2147483647;
			files = (
				7B09FD492CAB565A001D7851 /* APIKeys.plist in Resources */,
				7B76CECC2CAB13A000A1EDDA /* Preview Assets.xcassets in Resources */,
				7B76CEC92CAB13A000A1EDDA /* Assets.xcassets in Resources */,
			);
			runOnlyForDeploymentPostprocessing = 0;
		};
		7B76CECF2CAB13A000A1EDDA /* Resources */ = {
			isa = PBXResourcesBuildPhase;
			buildActionMask = 2147483647;
			files = (
			);
			runOnlyForDeploymentPostprocessing = 0;
		};
/* End PBXResourcesBuildPhase section */

/* Begin PBXSourcesBuildPhase section */
		7B76CEBD2CAB139E00A1EDDA /* Sources */ = {
			isa = PBXSourcesBuildPhase;
			buildActionMask = 2147483647;
			files = (
				7B104BD92CAB769C00D21385 /* SearchBarView.swift in Sources */,
				7B76CEF92CAB1B1000A1EDDA /* WeatherService.swift in Sources */,
				7B8CED412CAB5B210079C1CC /* Constants.swift in Sources */,
				7BBAC1882CACA5F000EB49DB /* WeatherCardSkeleton.swift in Sources */,
				7B76CEF52CAB197400A1EDDA /* LocationManager.swift in Sources */,
				7B76CEC52CAB139E00A1EDDA /* MAS_Coding_ChallengeApp.swift in Sources */,
				7B09FD472CAB3557001D7851 /* Extensions.swift in Sources */,
				7B09FD442CAB2436001D7851 /* WeatherViewModel.swift in Sources */,
				7B09FD4B2CAB5679001D7851 /* KeyManager.swift in Sources */,
				7B09FD422CAB2110001D7851 /* WeatherView.swift in Sources */,
				7B76CEF72CAB1AAA00A1EDDA /* WeatherCoordinator.swift in Sources */,
				7B09FD402CAB1CD0001D7851 /* WeatherModel.swift in Sources */,
				7B104BDB2CAB77A700D21385 /* WeatherCardView.swift in Sources */,
				7BBAC1822CAC74F500EB49DB /* UIKitAlertView.swift in Sources */,
				7B8CED472CAB67140079C1CC /* SearchOverlay.swift in Sources */,
				7B104BDE2CAB7C9200D21385 /* LocationPermission.swift in Sources */,
			);
			runOnlyForDeploymentPostprocessing = 0;
		};
		7B76CECD2CAB13A000A1EDDA /* Sources */ = {
			isa = PBXSourcesBuildPhase;
			buildActionMask = 2147483647;
			files = (
				7BBAC1862CAC9A4100EB49DB /* WeatherServiceTests.swift in Sources */,
				7BBAC1842CAC98A700EB49DB /* WeatherViewModelTests.swift in Sources */,
			);
			runOnlyForDeploymentPostprocessing = 0;
		};
/* End PBXSourcesBuildPhase section */

/* Begin PBXTargetDependency section */
		7B76CED32CAB13A000A1EDDA /* PBXTargetDependency */ = {
			isa = PBXTargetDependency;
			target = 7B76CEC02CAB139E00A1EDDA /* MAS Coding Challenge */;
			targetProxy = 7B76CED22CAB13A000A1EDDA /* PBXContainerItemProxy */;
		};
/* End PBXTargetDependency section */

/* Begin XCBuildConfiguration section */
		7B76CEE32CAB13A000A1EDDA /* Debug */ = {
			isa = XCBuildConfiguration;
			buildSettings = {
				ALWAYS_SEARCH_USER_PATHS = NO;
				ASSETCATALOG_COMPILER_GENERATE_SWIFT_ASSET_SYMBOL_EXTENSIONS = YES;
				CLANG_ANALYZER_NONNULL = YES;
				CLANG_ANALYZER_NUMBER_OBJECT_CONVERSION = YES_AGGRESSIVE;
				CLANG_CXX_LANGUAGE_STANDARD = "gnu++20";
				CLANG_ENABLE_MODULES = YES;
				CLANG_ENABLE_OBJC_ARC = YES;
				CLANG_ENABLE_OBJC_WEAK = YES;
				CLANG_WARN_BLOCK_CAPTURE_AUTORELEASING = YES;
				CLANG_WARN_BOOL_CONVERSION = YES;
				CLANG_WARN_COMMA = YES;
				CLANG_WARN_CONSTANT_CONVERSION = YES;
				CLANG_WARN_DEPRECATED_OBJC_IMPLEMENTATIONS = YES;
				CLANG_WARN_DIRECT_OBJC_ISA_USAGE = YES_ERROR;
				CLANG_WARN_DOCUMENTATION_COMMENTS = YES;
				CLANG_WARN_EMPTY_BODY = YES;
				CLANG_WARN_ENUM_CONVERSION = YES;
				CLANG_WARN_INFINITE_RECURSION = YES;
				CLANG_WARN_INT_CONVERSION = YES;
				CLANG_WARN_NON_LITERAL_NULL_CONVERSION = YES;
				CLANG_WARN_OBJC_IMPLICIT_RETAIN_SELF = YES;
				CLANG_WARN_OBJC_LITERAL_CONVERSION = YES;
				CLANG_WARN_OBJC_ROOT_CLASS = YES_ERROR;
				CLANG_WARN_QUOTED_INCLUDE_IN_FRAMEWORK_HEADER = YES;
				CLANG_WARN_RANGE_LOOP_ANALYSIS = YES;
				CLANG_WARN_STRICT_PROTOTYPES = YES;
				CLANG_WARN_SUSPICIOUS_MOVE = YES;
				CLANG_WARN_UNGUARDED_AVAILABILITY = YES_AGGRESSIVE;
				CLANG_WARN_UNREACHABLE_CODE = YES;
				CLANG_WARN__DUPLICATE_METHOD_MATCH = YES;
				COPY_PHASE_STRIP = NO;
				DEBUG_INFORMATION_FORMAT = dwarf;
				ENABLE_STRICT_OBJC_MSGSEND = YES;
				ENABLE_TESTABILITY = YES;
				ENABLE_USER_SCRIPT_SANDBOXING = YES;
				GCC_C_LANGUAGE_STANDARD = gnu17;
				GCC_DYNAMIC_NO_PIC = NO;
				GCC_NO_COMMON_BLOCKS = YES;
				GCC_OPTIMIZATION_LEVEL = 0;
				GCC_PREPROCESSOR_DEFINITIONS = (
					"DEBUG=1",
					"$(inherited)",
				);
				GCC_WARN_64_TO_32_BIT_CONVERSION = YES;
				GCC_WARN_ABOUT_RETURN_TYPE = YES_ERROR;
				GCC_WARN_UNDECLARED_SELECTOR = YES;
				GCC_WARN_UNINITIALIZED_AUTOS = YES_AGGRESSIVE;
				GCC_WARN_UNUSED_FUNCTION = YES;
				GCC_WARN_UNUSED_VARIABLE = YES;
				IPHONEOS_DEPLOYMENT_TARGET = 15.0;
				LOCALIZATION_PREFERS_STRING_CATALOGS = YES;
				MTL_ENABLE_DEBUG_INFO = INCLUDE_SOURCE;
				MTL_FAST_MATH = YES;
				ONLY_ACTIVE_ARCH = YES;
				SDKROOT = iphoneos;
				SWIFT_ACTIVE_COMPILATION_CONDITIONS = "DEBUG $(inherited)";
				SWIFT_OPTIMIZATION_LEVEL = "-Onone";
			};
			name = Debug;
		};
		7B76CEE42CAB13A000A1EDDA /* Release */ = {
			isa = XCBuildConfiguration;
			buildSettings = {
				ALWAYS_SEARCH_USER_PATHS = NO;
				ASSETCATALOG_COMPILER_GENERATE_SWIFT_ASSET_SYMBOL_EXTENSIONS = YES;
				CLANG_ANALYZER_NONNULL = YES;
				CLANG_ANALYZER_NUMBER_OBJECT_CONVERSION = YES_AGGRESSIVE;
				CLANG_CXX_LANGUAGE_STANDARD = "gnu++20";
				CLANG_ENABLE_MODULES = YES;
				CLANG_ENABLE_OBJC_ARC = YES;
				CLANG_ENABLE_OBJC_WEAK = YES;
				CLANG_WARN_BLOCK_CAPTURE_AUTORELEASING = YES;
				CLANG_WARN_BOOL_CONVERSION = YES;
				CLANG_WARN_COMMA = YES;
				CLANG_WARN_CONSTANT_CONVERSION = YES;
				CLANG_WARN_DEPRECATED_OBJC_IMPLEMENTATIONS = YES;
				CLANG_WARN_DIRECT_OBJC_ISA_USAGE = YES_ERROR;
				CLANG_WARN_DOCUMENTATION_COMMENTS = YES;
				CLANG_WARN_EMPTY_BODY = YES;
				CLANG_WARN_ENUM_CONVERSION = YES;
				CLANG_WARN_INFINITE_RECURSION = YES;
				CLANG_WARN_INT_CONVERSION = YES;
				CLANG_WARN_NON_LITERAL_NULL_CONVERSION = YES;
				CLANG_WARN_OBJC_IMPLICIT_RETAIN_SELF = YES;
				CLANG_WARN_OBJC_LITERAL_CONVERSION = YES;
				CLANG_WARN_OBJC_ROOT_CLASS = YES_ERROR;
				CLANG_WARN_QUOTED_INCLUDE_IN_FRAMEWORK_HEADER = YES;
				CLANG_WARN_RANGE_LOOP_ANALYSIS = YES;
				CLANG_WARN_STRICT_PROTOTYPES = YES;
				CLANG_WARN_SUSPICIOUS_MOVE = YES;
				CLANG_WARN_UNGUARDED_AVAILABILITY = YES_AGGRESSIVE;
				CLANG_WARN_UNREACHABLE_CODE = YES;
				CLANG_WARN__DUPLICATE_METHOD_MATCH = YES;
				COPY_PHASE_STRIP = NO;
				DEBUG_INFORMATION_FORMAT = "dwarf-with-dsym";
				ENABLE_NS_ASSERTIONS = NO;
				ENABLE_STRICT_OBJC_MSGSEND = YES;
				ENABLE_USER_SCRIPT_SANDBOXING = YES;
				GCC_C_LANGUAGE_STANDARD = gnu17;
				GCC_NO_COMMON_BLOCKS = YES;
				GCC_WARN_64_TO_32_BIT_CONVERSION = YES;
				GCC_WARN_ABOUT_RETURN_TYPE = YES_ERROR;
				GCC_WARN_UNDECLARED_SELECTOR = YES;
				GCC_WARN_UNINITIALIZED_AUTOS = YES_AGGRESSIVE;
				GCC_WARN_UNUSED_FUNCTION = YES;
				GCC_WARN_UNUSED_VARIABLE = YES;
				IPHONEOS_DEPLOYMENT_TARGET = 15.0;
				LOCALIZATION_PREFERS_STRING_CATALOGS = YES;
				MTL_ENABLE_DEBUG_INFO = NO;
				MTL_FAST_MATH = YES;
				SDKROOT = iphoneos;
				SWIFT_COMPILATION_MODE = wholemodule;
				VALIDATE_PRODUCT = YES;
			};
			name = Release;
		};
		7B76CEE62CAB13A000A1EDDA /* Debug */ = {
			isa = XCBuildConfiguration;
			buildSettings = {
				ASSETCATALOG_COMPILER_APPICON_NAME = AppIcon;
				ASSETCATALOG_COMPILER_GLOBAL_ACCENT_COLOR_NAME = AccentColor;
				CODE_SIGN_STYLE = Automatic;
				CURRENT_PROJECT_VERSION = 1;
				DEVELOPMENT_ASSET_PATHS = "\"MAS Coding Challenge/Preview Content\"";
				DEVELOPMENT_TEAM = 62RA2G4HF7;
				ENABLE_PREVIEWS = YES;
				GENERATE_INFOPLIST_FILE = YES;
				INFOPLIST_KEY_CFBundleDisplayName = "MAS Weather App";
				INFOPLIST_KEY_LSApplicationCategoryType = "public.app-category.weather";
				INFOPLIST_KEY_NSLocationAlwaysAndWhenInUseUsageDescription = "Need location access to provide accurate, real-time weather information for your current area.";
				INFOPLIST_KEY_NSLocationAlwaysUsageDescription = "Need location access to provide accurate, real-time weather information for your current area.";
				INFOPLIST_KEY_NSLocationWhenInUseUsageDescription = "Need location access to provide accurate, real-time weather information for your current area.";
				INFOPLIST_KEY_UIApplicationSceneManifest_Generation = YES;
				INFOPLIST_KEY_UIApplicationSupportsIndirectInputEvents = YES;
				INFOPLIST_KEY_UILaunchScreen_Generation = YES;
				INFOPLIST_KEY_UISupportedInterfaceOrientations_iPad = "UIInterfaceOrientationPortrait UIInterfaceOrientationPortraitUpsideDown UIInterfaceOrientationLandscapeLeft UIInterfaceOrientationLandscapeRight";
				INFOPLIST_KEY_UISupportedInterfaceOrientations_iPhone = "UIInterfaceOrientationPortrait UIInterfaceOrientationLandscapeLeft UIInterfaceOrientationLandscapeRight";
				LD_RUNPATH_SEARCH_PATHS = (
					"$(inherited)",
					"@executable_path/Frameworks",
				);
				MARKETING_VERSION = 1.0;
				PRODUCT_BUNDLE_IDENTIFIER = "com.chaekwe.MAS-Coding-Challenge";
				PRODUCT_NAME = "$(TARGET_NAME)";
				SUPPORTED_PLATFORMS = "iphoneos iphonesimulator";
				SUPPORTS_MACCATALYST = NO;
				SUPPORTS_MAC_DESIGNED_FOR_IPHONE_IPAD = NO;
				SUPPORTS_XR_DESIGNED_FOR_IPHONE_IPAD = NO;
				SWIFT_EMIT_LOC_STRINGS = YES;
				SWIFT_VERSION = 5.0;
				TARGETED_DEVICE_FAMILY = "1,2";
			};
			name = Debug;
		};
		7B76CEE72CAB13A000A1EDDA /* Release */ = {
			isa = XCBuildConfiguration;
			buildSettings = {
				ASSETCATALOG_COMPILER_APPICON_NAME = AppIcon;
				ASSETCATALOG_COMPILER_GLOBAL_ACCENT_COLOR_NAME = AccentColor;
				CODE_SIGN_STYLE = Automatic;
				CURRENT_PROJECT_VERSION = 1;
				DEVELOPMENT_ASSET_PATHS = "\"MAS Coding Challenge/Preview Content\"";
				DEVELOPMENT_TEAM = 62RA2G4HF7;
				ENABLE_PREVIEWS = YES;
				GENERATE_INFOPLIST_FILE = YES;
				INFOPLIST_KEY_CFBundleDisplayName = "MAS Weather App";
				INFOPLIST_KEY_LSApplicationCategoryType = "public.app-category.weather";
				INFOPLIST_KEY_NSLocationAlwaysAndWhenInUseUsageDescription = "Need location access to provide accurate, real-time weather information for your current area.";
				INFOPLIST_KEY_NSLocationAlwaysUsageDescription = "Need location access to provide accurate, real-time weather information for your current area.";
				INFOPLIST_KEY_NSLocationWhenInUseUsageDescription = "Need location access to provide accurate, real-time weather information for your current area.";
				INFOPLIST_KEY_UIApplicationSceneManifest_Generation = YES;
				INFOPLIST_KEY_UIApplicationSupportsIndirectInputEvents = YES;
				INFOPLIST_KEY_UILaunchScreen_Generation = YES;
				INFOPLIST_KEY_UISupportedInterfaceOrientations_iPad = "UIInterfaceOrientationPortrait UIInterfaceOrientationPortraitUpsideDown UIInterfaceOrientationLandscapeLeft UIInterfaceOrientationLandscapeRight";
				INFOPLIST_KEY_UISupportedInterfaceOrientations_iPhone = "UIInterfaceOrientationPortrait UIInterfaceOrientationLandscapeLeft UIInterfaceOrientationLandscapeRight";
				LD_RUNPATH_SEARCH_PATHS = (
					"$(inherited)",
					"@executable_path/Frameworks",
				);
				MARKETING_VERSION = 1.0;
				PRODUCT_BUNDLE_IDENTIFIER = "com.chaekwe.MAS-Coding-Challenge";
				PRODUCT_NAME = "$(TARGET_NAME)";
				SUPPORTED_PLATFORMS = "iphoneos iphonesimulator";
				SUPPORTS_MACCATALYST = NO;
				SUPPORTS_MAC_DESIGNED_FOR_IPHONE_IPAD = NO;
				SUPPORTS_XR_DESIGNED_FOR_IPHONE_IPAD = NO;
				SWIFT_EMIT_LOC_STRINGS = YES;
				SWIFT_VERSION = 5.0;
				TARGETED_DEVICE_FAMILY = "1,2";
			};
			name = Release;
		};
		7B76CEE92CAB13A000A1EDDA /* Debug */ = {
			isa = XCBuildConfiguration;
			buildSettings = {
				ALWAYS_EMBED_SWIFT_STANDARD_LIBRARIES = YES;
				BUNDLE_LOADER = "$(TEST_HOST)";
				CODE_SIGN_STYLE = Automatic;
				CURRENT_PROJECT_VERSION = 1;
				DEVELOPMENT_TEAM = 62RA2G4HF7;
				GENERATE_INFOPLIST_FILE = YES;
				IPHONEOS_DEPLOYMENT_TARGET = 17.5;
				MARKETING_VERSION = 1.0;
				PRODUCT_BUNDLE_IDENTIFIER = "com.chaekwe.MAS-Coding-ChallengeTests";
				PRODUCT_NAME = "$(TARGET_NAME)";
				SWIFT_EMIT_LOC_STRINGS = NO;
				SWIFT_VERSION = 5.0;
				TARGETED_DEVICE_FAMILY = "1,2";
				TEST_HOST = "$(BUILT_PRODUCTS_DIR)/MAS Coding Challenge.app/$(BUNDLE_EXECUTABLE_FOLDER_PATH)/MAS Coding Challenge";
			};
			name = Debug;
		};
		7B76CEEA2CAB13A000A1EDDA /* Release */ = {
			isa = XCBuildConfiguration;
			buildSettings = {
				ALWAYS_EMBED_SWIFT_STANDARD_LIBRARIES = YES;
				BUNDLE_LOADER = "$(TEST_HOST)";
				CODE_SIGN_STYLE = Automatic;
				CURRENT_PROJECT_VERSION = 1;
				DEVELOPMENT_TEAM = 62RA2G4HF7;
				GENERATE_INFOPLIST_FILE = YES;
				IPHONEOS_DEPLOYMENT_TARGET = 17.5;
				MARKETING_VERSION = 1.0;
				PRODUCT_BUNDLE_IDENTIFIER = "com.chaekwe.MAS-Coding-ChallengeTests";
				PRODUCT_NAME = "$(TARGET_NAME)";
				SWIFT_EMIT_LOC_STRINGS = NO;
				SWIFT_VERSION = 5.0;
				TARGETED_DEVICE_FAMILY = "1,2";
				TEST_HOST = "$(BUILT_PRODUCTS_DIR)/MAS Coding Challenge.app/$(BUNDLE_EXECUTABLE_FOLDER_PATH)/MAS Coding Challenge";
			};
			name = Release;
		};
/* End XCBuildConfiguration section */

/* Begin XCConfigurationList section */
		7B76CEBC2CAB139E00A1EDDA /* Build configuration list for PBXProject "MAS Coding Challenge" */ = {
			isa = XCConfigurationList;
			buildConfigurations = (
				7B76CEE32CAB13A000A1EDDA /* Debug */,
				7B76CEE42CAB13A000A1EDDA /* Release */,
			);
			defaultConfigurationIsVisible = 0;
			defaultConfigurationName = Release;
		};
		7B76CEE52CAB13A000A1EDDA /* Build configuration list for PBXNativeTarget "MAS Coding Challenge" */ = {
			isa = XCConfigurationList;
			buildConfigurations = (
				7B76CEE62CAB13A000A1EDDA /* Debug */,
				7B76CEE72CAB13A000A1EDDA /* Release */,
			);
			defaultConfigurationIsVisible = 0;
			defaultConfigurationName = Release;
		};
		7B76CEE82CAB13A000A1EDDA /* Build configuration list for PBXNativeTarget "MAS Coding ChallengeTests" */ = {
			isa = XCConfigurationList;
			buildConfigurations = (
				7B76CEE92CAB13A000A1EDDA /* Debug */,
				7B76CEEA2CAB13A000A1EDDA /* Release */,
			);
			defaultConfigurationIsVisible = 0;
			defaultConfigurationName = Release;
		};
/* End XCConfigurationList section */
	};
	rootObject = 7B76CEB92CAB139E00A1EDDA /* Project object */;
}
